
Microsoft Visual Studio Solution File, Format Version 12.00
# Visual Studio Version 16
VisualStudioVersion = 16.0.30611.23
MinimumVisualStudioVersion = 10.0.40219.1
Project("{9A19103F-16F7-4668-BE54-9A1E7A4F7556}") = "EmpresaRetornaGEO", "EmpresaRetornaGEO.csproj", "{5C3DBBCF-2831-4E63-BB8D-053340849FE1}"
EndProject
Project("{E53339B2-1760-4266-BCC7-CA923CBCF16C}") = "docker-compose", "docker-compose.dcproj", "{BE201109-5523-43C6-830F-E62C0AD5779E}"
EndProject
Global
	GlobalSection(SolutionConfigurationPlatforms) = preSolution
		Debug|Any CPU = Debug|Any CPU
		Release|Any CPU = Release|Any CPU
	EndGlobalSection
	GlobalSection(ProjectConfigurationPlatforms) = postSolution
		{5C3DBBCF-2831-4E63-BB8D-053340849FE1}.Debug|Any CPU.ActiveCfg = Debug|Any CPU
		{5C3DBBCF-2831-4E63-BB8D-053340849FE1}.Debug|Any CPU.Build.0 = Debug|Any CPU
		{5C3DBBCF-2831-4E63-BB8D-053340849FE1}.Release|Any CPU.ActiveCfg = Release|Any CPU
		{5C3DBBCF-2831-4E63-BB8D-053340849FE1}.Release|Any CPU.Build.0 = Release|Any CPU
		{BE201109-5523-43C6-830F-E62C0AD5779E}.Debug|Any CPU.ActiveCfg = Debug|Any CPU
		{BE201109-5523-43C6-830F-E62C0AD5779E}.Debug|Any CPU.Build.0 = Debug|Any CPU
		{BE201109-5523-43C6-830F-E62C0AD5779E}.Release|Any CPU.ActiveCfg = Release|Any CPU
		{BE201109-5523-43C6-830F-E62C0AD5779E}.Release|Any CPU.Build.0 = Release|Any CPU
	EndGlobalSection
	GlobalSection(SolutionProperties) = preSolution
		HideSolutionNode = FALSE
	EndGlobalSection
	GlobalSection(ExtensibilityGlobals) = postSolution
		SolutionGuid = {B6EE43A7-64A9-4D1E-A068-4884BC73C770}
	EndGlobalSection
EndGlobal
